{
  "version": "5",
  "specifiers": {
    "npm:@ai-sdk/google@2.0.18": "2.0.18_zod@3.25.76",
    "npm:ai@5.0.65": "5.0.65_zod@3.25.76"
  },
  "npm": {
    "@ai-sdk/gateway@1.0.36_zod@3.25.76": {
      "integrity": "sha512-G/CLHzyOy9mhbimSBmV+o59M7ao/NfRFrrhC+eHGp+0qT0diP3IDW5VdkPHKFmDp4Iq7wb4/yOCe7Yk2fQtSrg==",
      "dependencies": [
        "@ai-sdk/provider",
        "@ai-sdk/provider-utils",
        "@vercel/oidc",
        "zod"
      ]
    },
    "@ai-sdk/google@2.0.18_zod@3.25.76": {
      "integrity": "sha512-ycGAqouueHjU0hB6JHYmUhXYCnN67PqI8+9jCv13MbuE0g+b9w78HiPuab5ResakY0cq3ynFDvbiu8jAGo1RZQ==",
      "dependencies": [
        "@ai-sdk/provider",
        "@ai-sdk/provider-utils",
        "zod"
      ]
    },
    "@ai-sdk/provider-utils@3.0.11_zod@3.25.76": {
      "integrity": "sha512-4hgHj89VqyOHzGaV85TkcgvO8WjecVF35TOUVg+C56vnzpWSgdIZu/ZWZNdZ6BTrv8y0N1toBWW7XcWiRRicLg==",
      "dependencies": [
        "@ai-sdk/provider",
        "@standard-schema/spec",
        "eventsource-parser",
        "zod"
      ]
    },
    "@ai-sdk/provider@2.0.0": {
      "integrity": "sha512-6o7Y2SeO9vFKB8lArHXehNuusnpddKPk7xqL7T2/b+OvXMRIXUO1rR4wcv1hAFUAT9avGZshty3Wlua/XA7TvA==",
      "dependencies": [
        "json-schema"
      ]
    },
    "@opentelemetry/api@1.9.0": {
      "integrity": "sha512-3giAOQvZiH5F9bMlMiv8+GSPMeqg0dbaeo58/0SlA9sxSqZhnUtxzX9/2FzyhS9sWQf5S0GJE0AKBrFqjpeYcg=="
    },
    "@standard-schema/spec@1.0.0": {
      "integrity": "sha512-m2bOd0f2RT9k8QJx1JN85cZYyH1RqFBdlwtkSlf4tBDYLCiiZnv1fIIwacK6cqwXavOydf0NPToMQgpKq+dVlA=="
    },
    "@vercel/oidc@3.0.2": {
      "integrity": "sha512-JekxQ0RApo4gS4un/iMGsIL1/k4KUBe3HmnGcDvzHuFBdQdudEJgTqcsJC7y6Ul4Yw5CeykgvQbX2XeEJd0+DA=="
    },
    "ai@5.0.65_zod@3.25.76": {
      "integrity": "sha512-orwsNKAoAmTwHkoy7TG/7nc65SD3hy7k+x8xVHIzfw8CibZm/U2cdbR1ZUex6H2Rpf+uoZpvyQ05FWBJNw7V8A==",
      "dependencies": [
        "@ai-sdk/gateway",
        "@ai-sdk/provider",
        "@ai-sdk/provider-utils",
        "@opentelemetry/api",
        "zod"
      ]
    },
    "eventsource-parser@3.0.6": {
      "integrity": "sha512-Vo1ab+QXPzZ4tCa8SwIHJFaSzy4R6SHf7BY79rFBDf0idraZWAkYrDjDj8uWaSm3S2TK+hJ7/t1CEmZ7jXw+pg=="
    },
    "json-schema@0.4.0": {
      "integrity": "sha512-es94M3nTIfsEPisRafak+HDLfHXnKBhV3vU5eqPcS3flIWqcxJWgXHXiey3YrpaNsanY5ei1VoYEbOzijuq9BA=="
    },
    "zod@3.25.76": {
      "integrity": "sha512-gzUt/qt81nXsFGKIFcC3YnfEAx5NkunCfnDlvuBSSFS02bcXu4Lmea0AFIUwbLWxWPx3d9p8S5QoaujKcNQxcQ=="
    }
  },
  "workspace": {
    "dependencies": [
      "jsr:@valibot/valibot@1.1.0",
      "npm:@ai-sdk/google@2.0.18",
      "npm:ai@5.0.65"
    ]
  }
}
